
Microsoft Visual Studio Solution File, Format Version 12.00
# Visual Studio Version 17
VisualStudioVersion = 17.13.35806.99
MinimumVisualStudioVersion = 10.0.40219.1
Project("{2150E333-8FDC-42A3-9474-1A3956D46DE8}") = "Task0", "Task0", "{02EA681E-C7D8-13C7-8484-4AC65E1B71E8}"
EndProject
Project("{FAE04EC0-301F-11D3-BF4B-00C04F79EFBC}") = "Tyuiu.AnisimovGV.Sprint0.Task0.V0", "Tyuiu.AnisimovGV.Sprint0.Task0.V0\Tyuiu.AnisimovGV.Sprint0.Task0.V0.csproj", "{530E48AA-98A3-49AB-96D4-AC56F656955C}"
EndProject
Project("{2150E333-8FDC-42A3-9474-1A3956D46DE8}") = "Task1", "Task1", "{89963136-A1D0-405A-83A8-7AE1D05EF946}"
EndProject
Project("{FAE04EC0-301F-11D3-BF4B-00C04F79EFBC}") = "Tyuiu.AnisimovGV.Sprint0.Task1.V0", "Tyuiu.AnisimovGV.Sprint0.Task1.V0\Tyuiu.AnisimovGV.Sprint0.Task1.V0.csproj", "{7364391F-38E9-48EF-8DFB-FF9528C845AC}"
EndProject
Project("{2150E333-8FDC-42A3-9474-1A3956D46DE8}") = "Task2", "Task2", "{6F95B9A5-1A5F-413C-AEAE-E99B658FF3CB}"
EndProject
Project("{FAE04EC0-301F-11D3-BF4B-00C04F79EFBC}") = "Tyuiu.AnisimovGV.Sprint0.Task2.V0", "Tyuiu.AnisimovGV.Sprint0.Task2.V0\Tyuiu.AnisimovGV.Sprint0.Task2.V0.csproj", "{E9EC20BE-BABF-4463-A0CE-AB2E16FDE81F}"
EndProject
Project("{FAE04EC0-301F-11D3-BF4B-00C04F79EFBC}") = "Tyuiu.AnisimovGV.Sprint0.Task2.V0.Lib", "Tyuiu.AnisimovGV.Sprint0.Task2.V0.Lib\Tyuiu.AnisimovGV.Sprint0.Task2.V0.Lib.csproj", "{1722ACE3-AF49-43CB-8CBB-A6129C3D8D81}"
EndProject
Project("{FAE04EC0-301F-11D3-BF4B-00C04F79EFBC}") = "Tyuiu.AnisimovGV.Sprint0.Task2.V0.Test", "Tyuiu.AnisimovGV.Sprint0.Task2.V0.Test\Tyuiu.AnisimovGV.Sprint0.Task2.V0.Test.csproj", "{66FCB608-DAD7-4842-8C44-8A70AB69D1A0}"
EndProject
Project("{2150E333-8FDC-42A3-9474-1A3956D46DE8}") = "Task3", "Task3", "{41D43C52-8CA9-4C3E-AF2D-2586D74BA6F6}"
EndProject
Project("{FAE04EC0-301F-11D3-BF4B-00C04F79EFBC}") = "Tyuiu.AnisimovGV.Sprint0.Task3.V0", "Tyuiu.AnisimovGV.Sprint0.Task3.V0\Tyuiu.AnisimovGV.Sprint0.Task3.V0.csproj", "{26B5D1B6-FC9F-4AD5-83BC-3E50BB2F3560}"
EndProject
Project("{FAE04EC0-301F-11D3-BF4B-00C04F79EFBC}") = "Tyuiu.AnisimovGV.Sprint0.Task3.V0.Lib", "Tyuiu.AnisimovGV.Sprint0.Task3.V0.Lib\Tyuiu.AnisimovGV.Sprint0.Task3.V0.Lib.csproj", "{A8E81A90-3F7F-49F5-8F9C-F02F5906C6D4}"
EndProject
Project("{FAE04EC0-301F-11D3-BF4B-00C04F79EFBC}") = "Tyuiu.AnisimovGV.Sprint0.Task3.V0.Test", "Tyuiu.AnisimovGV.Sprint0.Task3.V0.Test\Tyuiu.AnisimovGV.Sprint0.Task3.V0.Test.csproj", "{E54F71C4-7781-4462-9B36-496AC6CF2E61}"
EndProject
Project("{2150E333-8FDC-42A3-9474-1A3956D46DE8}") = "Task4", "Task4", "{BEC3554F-98CB-48E1-8006-28D4030BA95C}"
EndProject
Project("{FAE04EC0-301F-11D3-BF4B-00C04F79EFBC}") = "Tyuiu.AnisimovGV.Sprint0.Task4.V0", "Tyuiu.AnisimovGV.Sprint0.Task4.V0\Tyuiu.AnisimovGV.Sprint0.Task4.V0.csproj", "{E01740FB-E278-4DC6-A166-F76B4A28B591}"
EndProject
Project("{FAE04EC0-301F-11D3-BF4B-00C04F79EFBC}") = "Tyuiu.AnisimovGV.Sprint0.Task4.V0.Test", "Tyuiu.AnisimovGV.Sprint0.Task4.V0.Test\Tyuiu.AnisimovGV.Sprint0.Task4.V0.Test.csproj", "{681CECB8-D567-450D-BE18-F1C5406325CC}"
EndProject
Project("{FAE04EC0-301F-11D3-BF4B-00C04F79EFBC}") = "Tyuiu.AnisimovGV.Sprint0.Task4.V0.Lib", "Tyuiu.AnisimovGV.Sprint0.Task4.V0.Lib\Tyuiu.AnisimovGV.Sprint0.Task4.V0.Lib.csproj", "{950FB3D4-50FC-46D2-B82D-0EC7B18E5BF2}"
EndProject
Project("{2150E333-8FDC-42A3-9474-1A3956D46DE8}") = "Task5", "Task5", "{115009D8-996B-4F73-8BF0-AFF300BAF0D7}"
EndProject
Project("{FAE04EC0-301F-11D3-BF4B-00C04F79EFBC}") = "Tyuiu.AnisimovGV.Sprint0.Task5.V0", "Tyuiu.AnisimovGV.Sprint0.Task5.V0\Tyuiu.AnisimovGV.Sprint0.Task5.V0.csproj", "{F797543E-A44F-4D5C-9BCC-E2D64F7E66C8}"
EndProject
Project("{FAE04EC0-301F-11D3-BF4B-00C04F79EFBC}") = "Tyuiu.AnisimovGV.Sprint0.Task5.V0.Lib", "Tyuiu.AnisimovGV.Sprint0.Task5.V0.Lib\Tyuiu.AnisimovGV.Sprint0.Task5.V0.Lib.csproj", "{51F9C007-8123-4BBC-91C9-A2D20DDE7B6E}"
EndProject
Project("{FAE04EC0-301F-11D3-BF4B-00C04F79EFBC}") = "Tyuiu.AnisimovGV.Sprint0.Task5.V0.Test", "Tyuiu.AnisimovGV.Sprint0.Task5.V0.Test\Tyuiu.AnisimovGV.Sprint0.Task5.V0.Test.csproj", "{7FF301CE-149D-471A-975A-779B2EB65222}"
EndProject
Global
	GlobalSection(SolutionConfigurationPlatforms) = preSolution
		Debug|Any CPU = Debug|Any CPU
		Release|Any CPU = Release|Any CPU
	EndGlobalSection
	GlobalSection(ProjectConfigurationPlatforms) = postSolution
		{530E48AA-98A3-49AB-96D4-AC56F656955C}.Debug|Any CPU.ActiveCfg = Debug|Any CPU
		{530E48AA-98A3-49AB-96D4-AC56F656955C}.Debug|Any CPU.Build.0 = Debug|Any CPU
		{530E48AA-98A3-49AB-96D4-AC56F656955C}.Release|Any CPU.ActiveCfg = Release|Any CPU
		{530E48AA-98A3-49AB-96D4-AC56F656955C}.Release|Any CPU.Build.0 = Release|Any CPU
		{7364391F-38E9-48EF-8DFB-FF9528C845AC}.Debug|Any CPU.ActiveCfg = Debug|Any CPU
		{7364391F-38E9-48EF-8DFB-FF9528C845AC}.Debug|Any CPU.Build.0 = Debug|Any CPU
		{7364391F-38E9-48EF-8DFB-FF9528C845AC}.Release|Any CPU.ActiveCfg = Release|Any CPU
		{7364391F-38E9-48EF-8DFB-FF9528C845AC}.Release|Any CPU.Build.0 = Release|Any CPU
		{E9EC20BE-BABF-4463-A0CE-AB2E16FDE81F}.Debug|Any CPU.ActiveCfg = Debug|Any CPU
		{E9EC20BE-BABF-4463-A0CE-AB2E16FDE81F}.Debug|Any CPU.Build.0 = Debug|Any CPU
		{E9EC20BE-BABF-4463-A0CE-AB2E16FDE81F}.Release|Any CPU.ActiveCfg = Release|Any CPU
		{E9EC20BE-BABF-4463-A0CE-AB2E16FDE81F}.Release|Any CPU.Build.0 = Release|Any CPU
		{1722ACE3-AF49-43CB-8CBB-A6129C3D8D81}.Debug|Any CPU.ActiveCfg = Debug|Any CPU
		{1722ACE3-AF49-43CB-8CBB-A6129C3D8D81}.Debug|Any CPU.Build.0 = Debug|Any CPU
		{1722ACE3-AF49-43CB-8CBB-A6129C3D8D81}.Release|Any CPU.ActiveCfg = Release|Any CPU
		{1722ACE3-AF49-43CB-8CBB-A6129C3D8D81}.Release|Any CPU.Build.0 = Release|Any CPU
		{66FCB608-DAD7-4842-8C44-8A70AB69D1A0}.Debug|Any CPU.ActiveCfg = Debug|Any CPU
		{66FCB608-DAD7-4842-8C44-8A70AB69D1A0}.Debug|Any CPU.Build.0 = Debug|Any CPU
		{66FCB608-DAD7-4842-8C44-8A70AB69D1A0}.Release|Any CPU.ActiveCfg = Release|Any CPU
		{66FCB608-DAD7-4842-8C44-8A70AB69D1A0}.Release|Any CPU.Build.0 = Release|Any CPU
		{26B5D1B6-FC9F-4AD5-83BC-3E50BB2F3560}.Debug|Any CPU.ActiveCfg = Debug|Any CPU
		{26B5D1B6-FC9F-4AD5-83BC-3E50BB2F3560}.Debug|Any CPU.Build.0 = Debug|Any CPU
		{26B5D1B6-FC9F-4AD5-83BC-3E50BB2F3560}.Release|Any CPU.ActiveCfg = Release|Any CPU
		{26B5D1B6-FC9F-4AD5-83BC-3E50BB2F3560}.Release|Any CPU.Build.0 = Release|Any CPU
		{A8E81A90-3F7F-49F5-8F9C-F02F5906C6D4}.Debug|Any CPU.ActiveCfg = Debug|Any CPU
		{A8E81A90-3F7F-49F5-8F9C-F02F5906C6D4}.Debug|Any CPU.Build.0 = Debug|Any CPU
		{A8E81A90-3F7F-49F5-8F9C-F02F5906C6D4}.Release|Any CPU.ActiveCfg = Release|Any CPU
		{A8E81A90-3F7F-49F5-8F9C-F02F5906C6D4}.Release|Any CPU.Build.0 = Release|Any CPU
		{E54F71C4-7781-4462-9B36-496AC6CF2E61}.Debug|Any CPU.ActiveCfg = Debug|Any CPU
		{E54F71C4-7781-4462-9B36-496AC6CF2E61}.Debug|Any CPU.Build.0 = Debug|Any CPU
		{E54F71C4-7781-4462-9B36-496AC6CF2E61}.Release|Any CPU.ActiveCfg = Release|Any CPU
		{E54F71C4-7781-4462-9B36-496AC6CF2E61}.Release|Any CPU.Build.0 = Release|Any CPU
		{E01740FB-E278-4DC6-A166-F76B4A28B591}.Debug|Any CPU.ActiveCfg = Debug|Any CPU
		{E01740FB-E278-4DC6-A166-F76B4A28B591}.Debug|Any CPU.Build.0 = Debug|Any CPU
		{E01740FB-E278-4DC6-A166-F76B4A28B591}.Release|Any CPU.ActiveCfg = Release|Any CPU
		{E01740FB-E278-4DC6-A166-F76B4A28B591}.Release|Any CPU.Build.0 = Release|Any CPU
		{681CECB8-D567-450D-BE18-F1C5406325CC}.Debug|Any CPU.ActiveCfg = Debug|Any CPU
		{681CECB8-D567-450D-BE18-F1C5406325CC}.Debug|Any CPU.Build.0 = Debug|Any CPU
		{681CECB8-D567-450D-BE18-F1C5406325CC}.Release|Any CPU.ActiveCfg = Release|Any CPU
		{681CECB8-D567-450D-BE18-F1C5406325CC}.Release|Any CPU.Build.0 = Release|Any CPU
		{950FB3D4-50FC-46D2-B82D-0EC7B18E5BF2}.Debug|Any CPU.ActiveCfg = Debug|Any CPU
		{950FB3D4-50FC-46D2-B82D-0EC7B18E5BF2}.Debug|Any CPU.Build.0 = Debug|Any CPU
		{950FB3D4-50FC-46D2-B82D-0EC7B18E5BF2}.Release|Any CPU.ActiveCfg = Release|Any CPU
		{950FB3D4-50FC-46D2-B82D-0EC7B18E5BF2}.Release|Any CPU.Build.0 = Release|Any CPU
		{F797543E-A44F-4D5C-9BCC-E2D64F7E66C8}.Debug|Any CPU.ActiveCfg = Debug|Any CPU
		{F797543E-A44F-4D5C-9BCC-E2D64F7E66C8}.Debug|Any CPU.Build.0 = Debug|Any CPU
		{F797543E-A44F-4D5C-9BCC-E2D64F7E66C8}.Release|Any CPU.ActiveCfg = Release|Any CPU
		{F797543E-A44F-4D5C-9BCC-E2D64F7E66C8}.Release|Any CPU.Build.0 = Release|Any CPU
		{51F9C007-8123-4BBC-91C9-A2D20DDE7B6E}.Debug|Any CPU.ActiveCfg = Debug|Any CPU
		{51F9C007-8123-4BBC-91C9-A2D20DDE7B6E}.Debug|Any CPU.Build.0 = Debug|Any CPU
		{51F9C007-8123-4BBC-91C9-A2D20DDE7B6E}.Release|Any CPU.ActiveCfg = Release|Any CPU
		{51F9C007-8123-4BBC-91C9-A2D20DDE7B6E}.Release|Any CPU.Build.0 = Release|Any CPU
		{7FF301CE-149D-471A-975A-779B2EB65222}.Debug|Any CPU.ActiveCfg = Debug|Any CPU
		{7FF301CE-149D-471A-975A-779B2EB65222}.Debug|Any CPU.Build.0 = Debug|Any CPU
		{7FF301CE-149D-471A-975A-779B2EB65222}.Release|Any CPU.ActiveCfg = Release|Any CPU
		{7FF301CE-149D-471A-975A-779B2EB65222}.Release|Any CPU.Build.0 = Release|Any CPU
	EndGlobalSection
	GlobalSection(SolutionProperties) = preSolution
		HideSolutionNode = FALSE
	EndGlobalSection
	GlobalSection(NestedProjects) = preSolution
		{530E48AA-98A3-49AB-96D4-AC56F656955C} = {02EA681E-C7D8-13C7-8484-4AC65E1B71E8}
		{7364391F-38E9-48EF-8DFB-FF9528C845AC} = {89963136-A1D0-405A-83A8-7AE1D05EF946}
		{E9EC20BE-BABF-4463-A0CE-AB2E16FDE81F} = {6F95B9A5-1A5F-413C-AEAE-E99B658FF3CB}
		{1722ACE3-AF49-43CB-8CBB-A6129C3D8D81} = {6F95B9A5-1A5F-413C-AEAE-E99B658FF3CB}
		{66FCB608-DAD7-4842-8C44-8A70AB69D1A0} = {6F95B9A5-1A5F-413C-AEAE-E99B658FF3CB}
		{26B5D1B6-FC9F-4AD5-83BC-3E50BB2F3560} = {41D43C52-8CA9-4C3E-AF2D-2586D74BA6F6}
		{A8E81A90-3F7F-49F5-8F9C-F02F5906C6D4} = {41D43C52-8CA9-4C3E-AF2D-2586D74BA6F6}
		{E54F71C4-7781-4462-9B36-496AC6CF2E61} = {41D43C52-8CA9-4C3E-AF2D-2586D74BA6F6}
		{E01740FB-E278-4DC6-A166-F76B4A28B591} = {BEC3554F-98CB-48E1-8006-28D4030BA95C}
		{681CECB8-D567-450D-BE18-F1C5406325CC} = {BEC3554F-98CB-48E1-8006-28D4030BA95C}
		{950FB3D4-50FC-46D2-B82D-0EC7B18E5BF2} = {BEC3554F-98CB-48E1-8006-28D4030BA95C}
		{F797543E-A44F-4D5C-9BCC-E2D64F7E66C8} = {115009D8-996B-4F73-8BF0-AFF300BAF0D7}
		{51F9C007-8123-4BBC-91C9-A2D20DDE7B6E} = {115009D8-996B-4F73-8BF0-AFF300BAF0D7}
		{7FF301CE-149D-471A-975A-779B2EB65222} = {115009D8-996B-4F73-8BF0-AFF300BAF0D7}
	EndGlobalSection
	GlobalSection(ExtensibilityGlobals) = postSolution
		SolutionGuid = {8A5AEB7A-79B3-4740-BAB0-1B093502B429}
	EndGlobalSection
EndGlobal
